
Microsoft Visual Studio Solution File, Format Version 12.00
# Visual Studio 15
VisualStudioVersion = 15.0.27130.2010
MinimumVisualStudioVersion = 10.0.40219.1
Project("{FAE04EC0-301F-11D3-BF4B-00C04F79EFBC}") = "MenuExample", "MenuExample\MenuExample.csproj", "{F24E51ED-B430-47D9-98A8-A161F7203FD0}"
EndProject
Global
	GlobalSection(SolutionConfigurationPlatforms) = preSolution
		Debug|Any CPU = Debug|Any CPU
		Release|Any CPU = Release|Any CPU
	EndGlobalSection
	GlobalSection(ProjectConfigurationPlatforms) = postSolution
		{F24E51ED-B430-47D9-98A8-A161F7203FD0}.Debug|Any CPU.ActiveCfg = Debug|Any CPU
		{F24E51ED-B430-47D9-98A8-A161F7203FD0}.Debug|Any CPU.Build.0 = Debug|Any CPU
		{F24E51ED-B430-47D9-98A8-A161F7203FD0}.Release|Any CPU.ActiveCfg = Release|Any CPU
		{F24E51ED-B430-47D9-98A8-A161F7203FD0}.Release|Any CPU.Build.0 = Release|Any CPU
	EndGlobalSection
	GlobalSection(SolutionProperties) = preSolution
		HideSolutionNode = FALSE
	EndGlobalSection
	GlobalSection(ExtensibilityGlobals) = postSolution
		SolutionGuid = {C46DE3DB-C693-418A-AFEB-7FB43FDA63CA}
	EndGlobalSection
EndGlobal
